
Microsoft Visual Studio Solution File, Format Version 12.00
# Visual Studio Version 17
VisualStudioVersion = 17.4.33205.214
MinimumVisualStudioVersion = 10.0.40219.1
Project("{FAE04EC0-301F-11D3-BF4B-00C04F79EFBC}") = "Calculator", "Calculator.csproj", "{BB8500EB-24FB-4653-AF90-83A7EF2F1625}"
EndProject
Global
	GlobalSection(SolutionConfigurationPlatforms) = preSolution
		Debug|Any CPU = Debug|Any CPU
		Release|Any CPU = Release|Any CPU
	EndGlobalSection
	GlobalSection(ProjectConfigurationPlatforms) = postSolution
		{BB8500EB-24FB-4653-AF90-83A7EF2F1625}.Debug|Any CPU.ActiveCfg = Debug|Any CPU
		{BB8500EB-24FB-4653-AF90-83A7EF2F1625}.Debug|Any CPU.Build.0 = Debug|Any CPU
		{BB8500EB-24FB-4653-AF90-83A7EF2F1625}.Release|Any CPU.ActiveCfg = Release|Any CPU
		{BB8500EB-24FB-4653-AF90-83A7EF2F1625}.Release|Any CPU.Build.0 = Release|Any CPU
	EndGlobalSection
	GlobalSection(SolutionProperties) = preSolution
		HideSolutionNode = FALSE
	EndGlobalSection
	GlobalSection(ExtensibilityGlobals) = postSolution
		SolutionGuid = {6CA9043F-8A6D-49D7-91C3-001005F927C1}
	EndGlobalSection
EndGlobal
